PODS:
  - Alamofire (5.4.3)
  - SwiftyJSON (5.0.1)
  - XMLMapper (2.0.0):
    - XMLMapper/Core (= 2.0.0)
  - XMLMapper/Core (2.0.0)

DEPENDENCIES:
  - Alamofire
  - SwiftyJSON
  - XMLMapper

SPEC REPOS:
  trunk:
    - Alamofire
    - SwiftyJSON
    - XMLMapper

SPEC CHECKSUMS:
  Alamofire: e447a2774a40c996748296fa2c55112fdbbc42f9
  SwiftyJSON: 2f33a42c6fbc52764d96f13368585094bfd8aa5e
  XMLMapper: 45ff16367092620b0b4adbc5e42dd8db6ebb5e0d

PODFILE CHECKSUM: 668d04c02f9086ae635dc0a448103b4547126298

COCOAPODS: 1.8.4
